
Microsoft Visual Studio Solution File, Format Version 12.00
# Visual Studio Version 16
VisualStudioVersion = 16.0.32413.511
MinimumVisualStudioVersion = 10.0.40219.1
Project("{FAE04EC0-301F-11D3-BF4B-00C04F79EFBC}") = "PokemonManager", "PokemonManager\PokemonManager.csproj", "{52BF45DE-3C5F-49C8-B36C-C918931D754F}"
EndProject
Global
	GlobalSection(SolutionConfigurationPlatforms) = preSolution
		Debug|Any CPU = Debug|Any CPU
		Release|Any CPU = Release|Any CPU
	EndGlobalSection
	GlobalSection(ProjectConfigurationPlatforms) = postSolution
		{52BF45DE-3C5F-49C8-B36C-C918931D754F}.Debug|Any CPU.ActiveCfg = Debug|Any CPU
		{52BF45DE-3C5F-49C8-B36C-C918931D754F}.Debug|Any CPU.Build.0 = Debug|Any CPU
		{52BF45DE-3C5F-49C8-B36C-C918931D754F}.Release|Any CPU.ActiveCfg = Release|Any CPU
		{52BF45DE-3C5F-49C8-B36C-C918931D754F}.Release|Any CPU.Build.0 = Release|Any CPU
	EndGlobalSection
	GlobalSection(SolutionProperties) = preSolution
		HideSolutionNode = FALSE
	EndGlobalSection
	GlobalSection(ExtensibilityGlobals) = postSolution
		SolutionGuid = {9CFA18B4-4AED-4847-90F4-22AD44B6A177}
	EndGlobalSection
EndGlobal
